
Microsoft Visual Studio Solution File, Format Version 12.00
Project("{2150E333-8FDC-42A3-9474-1A3956D46DE8}") = "Common", "Common", "{36B09261-CFF0-418B-AADA-5FA24980400F}"
EndProject
Project("{FAE04EC0-301F-11D3-BF4B-00C04F79EFBC}") = "InputSystem", "Common\InputSystem\InputSystem.csproj", "{701F56A5-C96D-4CCF-8658-81AF28088DA4}"
EndProject
Project("{FAE04EC0-301F-11D3-BF4B-00C04F79EFBC}") = "ProfilingSystem", "Common\ProfilingSystem\ProfilingSystem.csproj", "{A9ED73AD-AB2A-41E0-AB1B-C76BB45A2D05}"
EndProject
Project("{2150E333-8FDC-42A3-9474-1A3956D46DE8}") = "Engine", "Engine", "{0BF39510-280A-42E5-9F01-705328D1C36A}"
EndProject
Project("{FAE04EC0-301F-11D3-BF4B-00C04F79EFBC}") = "Voxen", "Engine\Voxen\Voxen.csproj", "{49E513CD-A89D-484C-B2FC-71B9BC3BB7B9}"
EndProject
Project("{FAE04EC0-301F-11D3-BF4B-00C04F79EFBC}") = "Voxen.UnitTests", "Engine\Voxen.UnitTests\Voxen.UnitTests.csproj", "{0C6039A5-4256-4507-B3C6-B8F80FF67E42}"
EndProject
Global
	GlobalSection(SolutionConfigurationPlatforms) = preSolution
		Debug|Any CPU = Debug|Any CPU
		Release|Any CPU = Release|Any CPU
	EndGlobalSection
	GlobalSection(ProjectConfigurationPlatforms) = postSolution
		{701F56A5-C96D-4CCF-8658-81AF28088DA4}.Debug|Any CPU.ActiveCfg = Debug|Any CPU
		{701F56A5-C96D-4CCF-8658-81AF28088DA4}.Debug|Any CPU.Build.0 = Debug|Any CPU
		{701F56A5-C96D-4CCF-8658-81AF28088DA4}.Release|Any CPU.ActiveCfg = Release|Any CPU
		{701F56A5-C96D-4CCF-8658-81AF28088DA4}.Release|Any CPU.Build.0 = Release|Any CPU
		{A9ED73AD-AB2A-41E0-AB1B-C76BB45A2D05}.Debug|Any CPU.ActiveCfg = Debug|Any CPU
		{A9ED73AD-AB2A-41E0-AB1B-C76BB45A2D05}.Debug|Any CPU.Build.0 = Debug|Any CPU
		{A9ED73AD-AB2A-41E0-AB1B-C76BB45A2D05}.Release|Any CPU.ActiveCfg = Release|Any CPU
		{A9ED73AD-AB2A-41E0-AB1B-C76BB45A2D05}.Release|Any CPU.Build.0 = Release|Any CPU
		{49E513CD-A89D-484C-B2FC-71B9BC3BB7B9}.Debug|Any CPU.ActiveCfg = Debug|Any CPU
		{49E513CD-A89D-484C-B2FC-71B9BC3BB7B9}.Debug|Any CPU.Build.0 = Debug|Any CPU
		{49E513CD-A89D-484C-B2FC-71B9BC3BB7B9}.Release|Any CPU.ActiveCfg = Release|Any CPU
		{49E513CD-A89D-484C-B2FC-71B9BC3BB7B9}.Release|Any CPU.Build.0 = Release|Any CPU
		{0C6039A5-4256-4507-B3C6-B8F80FF67E42}.Debug|Any CPU.ActiveCfg = Debug|Any CPU
		{0C6039A5-4256-4507-B3C6-B8F80FF67E42}.Debug|Any CPU.Build.0 = Debug|Any CPU
		{0C6039A5-4256-4507-B3C6-B8F80FF67E42}.Release|Any CPU.ActiveCfg = Release|Any CPU
		{0C6039A5-4256-4507-B3C6-B8F80FF67E42}.Release|Any CPU.Build.0 = Release|Any CPU
	EndGlobalSection
	GlobalSection(NestedProjects) = preSolution
		{701F56A5-C96D-4CCF-8658-81AF28088DA4} = {36B09261-CFF0-418B-AADA-5FA24980400F}
		{A9ED73AD-AB2A-41E0-AB1B-C76BB45A2D05} = {36B09261-CFF0-418B-AADA-5FA24980400F}
		{49E513CD-A89D-484C-B2FC-71B9BC3BB7B9} = {0BF39510-280A-42E5-9F01-705328D1C36A}
		{0C6039A5-4256-4507-B3C6-B8F80FF67E42} = {0BF39510-280A-42E5-9F01-705328D1C36A}
	EndGlobalSection
EndGlobal
